{
  "name": "drachtio-fn-b2b-sugar",
  "version": "0.0.6",
  "lockfileVersion": 1,
  "requires": true,
  "dependencies": {
    "async": {
      "version": "1.5.2",
      "resolved": "https://registry.npmjs.org/async/-/async-1.5.2.tgz",
      "integrity": "sha1-7GphrlZIDAw8skHJVhjiCJL5Zyo=",
      "dev": true
    },
    "debug": {
      "version": "3.2.6",
      "resolved": "https://registry.npmjs.org/debug/-/debug-3.2.6.tgz",
      "integrity": "sha512-mel+jf7nrtEl5Pn1Qx46zARXKDpBbvzezse7p7LqINmdoIk8PYP5SySaxEmYv6TZ0JyEKA1hsCId6DIhgITtWQ==",
      "dev": true,
      "requires": {
        "ms": "^2.1.1"
      }
    },
    "deepmerge": {
      "version": "4.2.2",
      "resolved": "https://registry.npmjs.org/deepmerge/-/deepmerge-4.2.2.tgz",
      "integrity": "sha512-FJ3UgI4gIl+PHZm53knsuSFpE+nESMr7M4v9QcgB7S63Kj/6WqMiFQJpBBYz1Pt+66bZpP3Q7Lye0Oo9MPKEdg=="
    },
    "delegates": {
      "version": "0.1.0",
      "resolved": "https://registry.npmjs.org/delegates/-/delegates-0.1.0.tgz",
      "integrity": "sha1-tLV74RoWU1F6BLJ/CUm9wyff45A=",
      "dev": true
    },
    "deprecate": {
      "version": "1.1.1",
      "resolved": "https://registry.npmjs.org/deprecate/-/deprecate-1.1.1.tgz",
      "integrity": "sha512-ZGDXefq1xknT292LnorMY5s8UVU08/WKdzDZCUT6t9JzsiMSP4uzUhgpqugffNVcT5WC6wMBiSQ+LFjlv3v7iQ==",
      "dev": true
    },
    "drachtio-mw-registration-parser": {
      "version": "0.0.2",
      "resolved": "https://registry.npmjs.org/drachtio-mw-registration-parser/-/drachtio-mw-registration-parser-0.0.2.tgz",
      "integrity": "sha1-Bmlv43Wvt/68AI8oaCJWukEHWAE=",
      "dev": true
    },
    "drachtio-sip": {
      "version": "0.3.9",
      "resolved": "https://registry.npmjs.org/drachtio-sip/-/drachtio-sip-0.3.9.tgz",
      "integrity": "sha512-E578EFEH2gHVKlr0KtkFb0ecy/y9Q78DQUhrofG4Ln1jeHws+41Fe7G7PQkpXEYxfFxP6VVb7BStcy9tNAzYpw==",
      "dev": true,
      "requires": {
        "debug": "^4.1.1",
        "merge": ">=1.2.1",
        "only": "0.0.2",
        "sip-message-examples": "0.0.5",
        "sip-status": "~0.1.0"
      },
      "dependencies": {
        "debug": {
          "version": "4.1.1",
          "resolved": "https://registry.npmjs.org/debug/-/debug-4.1.1.tgz",
          "integrity": "sha512-pYAIzeRo8J6KPEaJ0VWOh5Pzkbw/RetuzehGM7QRRX5he4fPHx2rdKMB256ehJCkX+XRQm16eZLqLNS8RSZXZw==",
          "dev": true,
          "requires": {
            "ms": "^2.1.1"
          }
        }
      }
    },
    "drachtio-srf": {
      "version": "4.4.21",
      "resolved": "https://registry.npmjs.org/drachtio-srf/-/drachtio-srf-4.4.21.tgz",
      "integrity": "sha512-bq/fFpC/GEzLYy32xNiK8eBDawC0eahanCaUpwRdjUDDhijf/W0YKXFm3aPOGTDswdRVble1rj9dsjBXRy0mQw==",
      "dev": true,
      "requires": {
        "async": "^1.4.2",
        "debug": "^3.1.0",
        "delegates": "^0.1.0",
        "deprecate": "^1.0.0",
        "drachtio-mw-registration-parser": "0.0.2",
        "drachtio-sip": "^0.3.9",
        "lodash": "^4.17.13",
        "node-noop": "0.0.1",
        "only": "0.0.2",
        "sip-methods": "^0.3.0",
        "utils-merge": "1.0.0",
        "uuid": "^3.0.0"
      }
    },
    "lodash": {
      "version": "4.17.15",
      "resolved": "https://registry.npmjs.org/lodash/-/lodash-4.17.15.tgz",
      "integrity": "sha512-8xOcRHvCjnocdS5cpwXQXVzmmh5e5+saE2QGoeQmbKmRS6J3VQppPOIt0MnmE+4xlZoumy0GPG0D0MVIQbNA1A==",
      "dev": true
    },
    "merge": {
      "version": "1.2.1",
      "resolved": "https://registry.npmjs.org/merge/-/merge-1.2.1.tgz",
      "integrity": "sha512-VjFo4P5Whtj4vsLzsYBu5ayHhoHJ0UqNm7ibvShmbmoz7tGi0vXaoJbGdB+GmDMLUdg8DpQXEIeVDAe8MaABvQ==",
      "dev": true
    },
    "ms": {
      "version": "2.1.2",
      "resolved": "https://registry.npmjs.org/ms/-/ms-2.1.2.tgz",
      "integrity": "sha512-sGkPx+VjMtmA6MX27oA4FBFELFCZZ4S4XqeGOXCv68tT+jb3vk/RyaKWP0PTKyWtmLSM0b+adUTEvbs1PEaH2w==",
      "dev": true
    },
    "node-noop": {
      "version": "0.0.1",
      "resolved": "https://registry.npmjs.org/node-noop/-/node-noop-0.0.1.tgz",
      "integrity": "sha1-CFzLsA3AY6eb5EwpDcqLpcXVQVM=",
      "dev": true
    },
    "only": {
      "version": "0.0.2",
      "resolved": "https://registry.npmjs.org/only/-/only-0.0.2.tgz",
      "integrity": "sha1-Kv3oTQPlC5qO3EROMGEKcCle37Q=",
      "dev": true
    },
    "sip-message-examples": {
      "version": "0.0.5",
      "resolved": "https://registry.npmjs.org/sip-message-examples/-/sip-message-examples-0.0.5.tgz",
      "integrity": "sha512-p/t6su7UkiicfUR2CWlUO3rJJIeGO+6oekdnCp8QC6ut5z3AyfhjaefmJKWW8JyrC/2nZYmLdEfBqpKryS4QSg==",
      "dev": true
    },
    "sip-methods": {
      "version": "0.3.0",
      "resolved": "https://registry.npmjs.org/sip-methods/-/sip-methods-0.3.0.tgz",
      "integrity": "sha1-6KKiO7EEKPuem1hCv2Q9TrPrnPM=",
      "dev": true
    },
    "sip-status": {
      "version": "0.1.0",
      "resolved": "https://registry.npmjs.org/sip-status/-/sip-status-0.1.0.tgz",
      "integrity": "sha1-fHvT+cvfLQ09g6AGwxyAlVJdH5c=",
      "dev": true
    },
    "utils-merge": {
      "version": "1.0.0",
      "resolved": "https://registry.npmjs.org/utils-merge/-/utils-merge-1.0.0.tgz",
      "integrity": "sha1-ApT7kiu5N1FTVBxPcJYjHyh8ivg=",
      "dev": true
    },
    "uuid": {
      "version": "3.3.3",
      "resolved": "https://registry.npmjs.org/uuid/-/uuid-3.3.3.tgz",
      "integrity": "sha512-pW0No1RGHgzlpHJO1nsVrHKpOEIxkGg1xB+v0ZmdNH5OAeAwzAVrCnI2/6Mtx+Uys6iaylxa+D3g4j63IKKjSQ==",
      "dev": true
    }
  }
}
